
Microsoft Visual Studio Solution File, Format Version 12.00
# Visual Studio 15
VisualStudioVersion = 15.0.28010.2046
MinimumVisualStudioVersion = 10.0.40219.1
Project("{9A19103F-16F7-4668-BE54-9A1E7A4F7556}") = "MyECommerce.WebUI", "MyECommerce.WebUI\MyECommerce.WebUI.csproj", "{B5D9A351-BF52-4740-A327-3E2408A9B4FF}"
EndProject
Project("{FAE04EC0-301F-11D3-BF4B-00C04F79EFBC}") = "MyECommerce.Repository", "MyECommerce.Repository\MyECommerce.Repository.csproj", "{4EAAF51B-7899-487C-A4A4-571965128C3C}"
EndProject
Project("{FAE04EC0-301F-11D3-BF4B-00C04F79EFBC}") = "MyECommerce.Entity", "MyECommerce.Entity\MyECommerce.Entity.csproj", "{95FE09E9-C6DD-4298-AA7A-5EE92CCFFD90}"
EndProject
Global
	GlobalSection(SolutionConfigurationPlatforms) = preSolution
		Debug|Any CPU = Debug|Any CPU
		Release|Any CPU = Release|Any CPU
	EndGlobalSection
	GlobalSection(ProjectConfigurationPlatforms) = postSolution
		{B5D9A351-BF52-4740-A327-3E2408A9B4FF}.Debug|Any CPU.ActiveCfg = Debug|Any CPU
		{B5D9A351-BF52-4740-A327-3E2408A9B4FF}.Debug|Any CPU.Build.0 = Debug|Any CPU
		{B5D9A351-BF52-4740-A327-3E2408A9B4FF}.Release|Any CPU.ActiveCfg = Release|Any CPU
		{B5D9A351-BF52-4740-A327-3E2408A9B4FF}.Release|Any CPU.Build.0 = Release|Any CPU
		{4EAAF51B-7899-487C-A4A4-571965128C3C}.Debug|Any CPU.ActiveCfg = Debug|Any CPU
		{4EAAF51B-7899-487C-A4A4-571965128C3C}.Debug|Any CPU.Build.0 = Debug|Any CPU
		{4EAAF51B-7899-487C-A4A4-571965128C3C}.Release|Any CPU.ActiveCfg = Release|Any CPU
		{4EAAF51B-7899-487C-A4A4-571965128C3C}.Release|Any CPU.Build.0 = Release|Any CPU
		{95FE09E9-C6DD-4298-AA7A-5EE92CCFFD90}.Debug|Any CPU.ActiveCfg = Debug|Any CPU
		{95FE09E9-C6DD-4298-AA7A-5EE92CCFFD90}.Debug|Any CPU.Build.0 = Debug|Any CPU
		{95FE09E9-C6DD-4298-AA7A-5EE92CCFFD90}.Release|Any CPU.ActiveCfg = Release|Any CPU
		{95FE09E9-C6DD-4298-AA7A-5EE92CCFFD90}.Release|Any CPU.Build.0 = Release|Any CPU
	EndGlobalSection
	GlobalSection(SolutionProperties) = preSolution
		HideSolutionNode = FALSE
	EndGlobalSection
	GlobalSection(ExtensibilityGlobals) = postSolution
		SolutionGuid = {188C2524-F13E-4B90-93F0-B4F9C80AFA50}
	EndGlobalSection
EndGlobal
